{
  "name": "Project_1_Cyberchonicon",
  "lockfileVersion": 3,
  "requires": true,
  "packages": {
    "": {
      "dependencies": {
        "jquery": "^3.7.1",
        "swiper": "^11.1.2"
      }
    },
    "node_modules/jquery": {
      "version": "3.7.1",
      "resolved": "https://registry.npmjs.org/jquery/-/jquery-3.7.1.tgz",
      "integrity": "sha512-m4avr8yL8kmFN8psrbFFFmB/If14iN5o9nw/NgnnM+kybDJpRsAynV2BsfpTYrTRysYUdADVD7CkUUizgkpLfg=="
    },
    "node_modules/swiper": {
      "version": "11.1.2",
      "resolved": "https://registry.npmjs.org/swiper/-/swiper-11.1.2.tgz",
      "integrity": "sha512-09Dw9Ek/AwYYh0mmNn+THKPIWZpX0dPUOiTGl9TGsG93WISLMA6V9Obsn/53L1whePWo3gBYfb7fjwUslJbhQA==",
      "funding": [
        {
          "type": "patreon",
          "url": "https://www.patreon.com/swiperjs"
        },
        {
          "type": "open_collective",
          "url": "http://opencollective.com/swiper"
        }
      ],
      "engines": {
        "node": ">= 4.7.0"
      }
    }
  }
}
